
Microsoft Visual Studio Solution File, Format Version 12.00
# Visual Studio Version 17
VisualStudioVersion = 17.13.36105.23 d17.13
MinimumVisualStudioVersion = 10.0.40219.1
Project("{FAE04EC0-301F-11D3-BF4B-00C04F79EFBC}") = "Github_UserName", "Github_UserName\Github_UserName.csproj", "{AB9D4E3D-8F5B-45F5-8C25-7EE0526CCF9A}"
EndProject
Global
	GlobalSection(SolutionConfigurationPlatforms) = preSolution
		Debug|Any CPU = Debug|Any CPU
		Release|Any CPU = Release|Any CPU
	EndGlobalSection
	GlobalSection(ProjectConfigurationPlatforms) = postSolution
		{AB9D4E3D-8F5B-45F5-8C25-7EE0526CCF9A}.Debug|Any CPU.ActiveCfg = Debug|Any CPU
		{AB9D4E3D-8F5B-45F5-8C25-7EE0526CCF9A}.Debug|Any CPU.Build.0 = Debug|Any CPU
		{AB9D4E3D-8F5B-45F5-8C25-7EE0526CCF9A}.Release|Any CPU.ActiveCfg = Release|Any CPU
		{AB9D4E3D-8F5B-45F5-8C25-7EE0526CCF9A}.Release|Any CPU.Build.0 = Release|Any CPU
	EndGlobalSection
	GlobalSection(SolutionProperties) = preSolution
		HideSolutionNode = FALSE
	EndGlobalSection
	GlobalSection(ExtensibilityGlobals) = postSolution
		SolutionGuid = {C3A84FEA-2026-4925-9B97-95628FE420E8}
	EndGlobalSection
EndGlobal
