
Microsoft Visual Studio Solution File, Format Version 12.00
# Visual Studio Version 17
VisualStudioVersion = 17.13.36105.23 d17.13
MinimumVisualStudioVersion = 10.0.40219.1
Project("{FAE04EC0-301F-11D3-BF4B-00C04F79EFBC}") = "HomeWork_Out_Q4", "HomeWork_Out_Q4\HomeWork_Out_Q4.csproj", "{D42BF8CB-D383-41B0-BF3E-770D17E50423}"
EndProject
Global
	GlobalSection(SolutionConfigurationPlatforms) = preSolution
		Debug|Any CPU = Debug|Any CPU
		Release|Any CPU = Release|Any CPU
	EndGlobalSection
	GlobalSection(ProjectConfigurationPlatforms) = postSolution
		{D42BF8CB-D383-41B0-BF3E-770D17E50423}.Debug|Any CPU.ActiveCfg = Debug|Any CPU
		{D42BF8CB-D383-41B0-BF3E-770D17E50423}.Debug|Any CPU.Build.0 = Debug|Any CPU
		{D42BF8CB-D383-41B0-BF3E-770D17E50423}.Release|Any CPU.ActiveCfg = Release|Any CPU
		{D42BF8CB-D383-41B0-BF3E-770D17E50423}.Release|Any CPU.Build.0 = Release|Any CPU
	EndGlobalSection
	GlobalSection(SolutionProperties) = preSolution
		HideSolutionNode = FALSE
	EndGlobalSection
	GlobalSection(ExtensibilityGlobals) = postSolution
		SolutionGuid = {E2F88505-D2EF-4E2B-A091-8239C64A0A94}
	EndGlobalSection
EndGlobal
